<Solution>
  <Folder Name="/Services/">
    <Project Path="Service/DataStore/DataStore.csproj" />
    <Project Path="Service/CommandParser/CommandParser.csproj" />
    <Project Path="Service/TcpServer/TcpServer.csproj" />
  </Folder>
  <Project Path="LoadTest/LoadTest.csproj" />
  <Project Path="Service/App/App.csproj" />
  <Folder Name="/Tests/">
    <Project Path="Service/TestServices/TestServices.csproj" />
  </Folder>
  <Folder Name="/SourceGenerator/">
    <Project Path="SourceGenerator/SourceGenerator.csproj" />
  </Folder>
  <Folder Name="/Benchmarks/">
    <Project Path="Benchmarks/Benchmarks.csproj" />
  </Folder>
</Solution>
